// !$*UTF8*$!
{
	archiveVersion = 1;
	classes = {
	};
	objectVersion = 46;
	objects = {

/* Begin PBXBuildFile section */
		33495F491B1DDBC200646C4A /* MyImage.m in Sources */ = {isa = PBXBuildFile; fileRef = 33495F481B1DDBC200646C4A /* MyImage.m */; };
		334A435E1B21C33F00E6C3B3 /* UserModel.m in Sources */ = {isa = PBXBuildFile; fileRef = 334A435D1B21C33F00E6C3B3 /* UserModel.m */; };
		334A43631B21CC3D00E6C3B3 /* libsqlite3.dylib in Frameworks */ = {isa = PBXBuildFile; fileRef = 334A43621B21CC3D00E6C3B3 /* libsqlite3.dylib */; };
		334A43661B21CCCF00E6C3B3 /* DbOperation.m in Sources */ = {isa = PBXBuildFile; fileRef = 334A43651B21CCCF00E6C3B3 /* DbOperation.m */; };
		334DA93C1B2137360027CABF /* MatchingInfoController.m in Sources */ = {isa = PBXBuildFile; fileRef = 334DA93B1B2137360027CABF /* MatchingInfoController.m */; };
		334DA93F1B2137920027CABF /* MatchingWaitingController.m in Sources */ = {isa = PBXBuildFile; fileRef = 334DA93E1B2137920027CABF /* MatchingWaitingController.m */; };
		334DA9421B2137A70027CABF /* MatchingWaiting2Controller.m in Sources */ = {isa = PBXBuildFile; fileRef = 334DA9411B2137A70027CABF /* MatchingWaiting2Controller.m */; };
		334DDB671B2334CC00FF2BCC /* ContentViewController.m in Sources */ = {isa = PBXBuildFile; fileRef = 334DDB651B2334CC00FF2BCC /* ContentViewController.m */; };
		334DDB681B2334CC00FF2BCC /* ContentViewController.xib in Resources */ = {isa = PBXBuildFile; fileRef = 334DDB661B2334CC00FF2BCC /* ContentViewController.xib */; };
		33539DD51B1F0C5100008CAA /* Regist1ViewController.m in Sources */ = {isa = PBXBuildFile; fileRef = 33539DD41B1F0C5100008CAA /* Regist1ViewController.m */; };
		33539DD81B1F0CCA00008CAA /* Regist2ViewController.m in Sources */ = {isa = PBXBuildFile; fileRef = 33539DD71B1F0CCA00008CAA /* Regist2ViewController.m */; };
		33539E321B1F1C8600008CAA /* IQKeyboardManager.bundle in Resources */ = {isa = PBXBuildFile; fileRef = 33539E1C1B1F1C8600008CAA /* IQKeyboardManager.bundle */; };
		33539E331B1F1C8600008CAA /* IQKeyboardManager.m in Sources */ = {isa = PBXBuildFile; fileRef = 33539E1E1B1F1C8600008CAA /* IQKeyboardManager.m */; };
		33539E341B1F1C8600008CAA /* IQSegmentedNextPrevious.m in Sources */ = {isa = PBXBuildFile; fileRef = 33539E221B1F1C8600008CAA /* IQSegmentedNextPrevious.m */; };
		33539E351B1F1C8600008CAA /* IQTextView.m in Sources */ = {isa = PBXBuildFile; fileRef = 33539E241B1F1C8600008CAA /* IQTextView.m */; };
		33539E361B1F1C8600008CAA /* IQTitleBarButtonItem.m in Sources */ = {isa = PBXBuildFile; fileRef = 33539E261B1F1C8600008CAA /* IQTitleBarButtonItem.m */; };
		33539E371B1F1C8600008CAA /* IQToolbar.m in Sources */ = {isa = PBXBuildFile; fileRef = 33539E281B1F1C8600008CAA /* IQToolbar.m */; };
		33539E381B1F1C8600008CAA /* NSArray+Sort.m in Sources */ = {isa = PBXBuildFile; fileRef = 33539E2B1B1F1C8600008CAA /* NSArray+Sort.m */; };
		33539E391B1F1C8600008CAA /* UIView+Hierarchy.m in Sources */ = {isa = PBXBuildFile; fileRef = 33539E2D1B1F1C8600008CAA /* UIView+Hierarchy.m */; };
		33539E3A1B1F1C8600008CAA /* UIView+IQKeyboardToolbar.m in Sources */ = {isa = PBXBuildFile; fileRef = 33539E2F1B1F1C8600008CAA /* UIView+IQKeyboardToolbar.m */; };
		33539E3B1B1F1C8600008CAA /* UIWindow+Hierarchy.m in Sources */ = {isa = PBXBuildFile; fileRef = 33539E311B1F1C8600008CAA /* UIWindow+Hierarchy.m */; };
		336017361B22E955007D58EC /* ContentView.m in Sources */ = {isa = PBXBuildFile; fileRef = 336017351B22E955007D58EC /* ContentView.m */; };
		336017381B22E96C007D58EC /* ContentView.xib in Resources */ = {isa = PBXBuildFile; fileRef = 336017371B22E96C007D58EC /* ContentView.xib */; };
		336746B11B1DC2D300C90769 /* LoginViewController.m in Sources */ = {isa = PBXBuildFile; fileRef = 336746AF1B1DC2D300C90769 /* LoginViewController.m */; };
		339191761B21968F00B21C1D /* BZGFormField.m in Sources */ = {isa = PBXBuildFile; fileRef = 339191751B21968F00B21C1D /* BZGFormField.m */; };
		33AE4C061B1EB1A200154831 /* OAuthViewController.m in Sources */ = {isa = PBXBuildFile; fileRef = 33AE4C051B1EB1A200154831 /* OAuthViewController.m */; };
		33C6CA2E1B22F19400D848F9 /* FDAlertView.m in Sources */ = {isa = PBXBuildFile; fileRef = 33C6CA2D1B22F19400D848F9 /* FDAlertView.m */; };
		33E953D61B1DA3F700763B92 /* main.m in Sources */ = {isa = PBXBuildFile; fileRef = 33E953D51B1DA3F700763B92 /* main.m */; };
		33E953D91B1DA3F700763B92 /* AppDelegate.m in Sources */ = {isa = PBXBuildFile; fileRef = 33E953D81B1DA3F700763B92 /* AppDelegate.m */; };
		33E953DC1B1DA3F700763B92 /* ViewController.m in Sources */ = {isa = PBXBuildFile; fileRef = 33E953DB1B1DA3F700763B92 /* ViewController.m */; };
		33E953DF1B1DA3F700763B92 /* Main.storyboard in Resources */ = {isa = PBXBuildFile; fileRef = 33E953DD1B1DA3F700763B92 /* Main.storyboard */; };
		33E953E11B1DA3F700763B92 /* Images.xcassets in Resources */ = {isa = PBXBuildFile; fileRef = 33E953E01B1DA3F700763B92 /* Images.xcassets */; };
		33E953E41B1DA3F700763B92 /* LaunchScreen.xib in Resources */ = {isa = PBXBuildFile; fileRef = 33E953E21B1DA3F700763B92 /* LaunchScreen.xib */; };
		33E953F01B1DA3F700763B92 /* LoversOnlineTests.m in Sources */ = {isa = PBXBuildFile; fileRef = 33E953EF1B1DA3F700763B92 /* LoversOnlineTests.m */; };
		33E953FE1B1DA58300763B92 /* MyPageControl.m in Sources */ = {isa = PBXBuildFile; fileRef = 33E953FD1B1DA58300763B92 /* MyPageControl.m */; };
		33E954011B1DA99300763B92 /* NewFeatureViewController.m in Sources */ = {isa = PBXBuildFile; fileRef = 33E954001B1DA99300763B92 /* NewFeatureViewController.m */; };
/* End PBXBuildFile section */

/* Begin PBXContainerItemProxy section */
		33E953EA1B1DA3F700763B92 /* PBXContainerItemProxy */ = {
			isa = PBXContainerItemProxy;
			containerPortal = 33E953C81B1DA3F700763B92 /* Project object */;
			proxyType = 1;
			remoteGlobalIDString = 33E953CF1B1DA3F700763B92;
			remoteInfo = LoversOnline;
		};
/* End PBXContainerItemProxy section */

/* Begin PBXFileReference section */
		33495F471B1DDBC200646C4A /* MyImage.h */ = {isa = PBXFileReference; fileEncoding = 4; lastKnownFileType = sourcecode.c.h; path = MyImage.h; sourceTree = "<group>"; };
		33495F481B1DDBC200646C4A /* MyImage.m */ = {isa = PBXFileReference; fileEncoding = 4; lastKnownFileType = sourcecode.c.objc; path = MyImage.m; sourceTree = "<group>"; };
		334A435C1B21C33F00E6C3B3 /* UserModel.h */ = {isa = PBXFileReference; fileEncoding = 4; lastKnownFileType = sourcecode.c.h; path = UserModel.h; sourceTree = "<group>"; };
		334A435D1B21C33F00E6C3B3 /* UserModel.m */ = {isa = PBXFileReference; fileEncoding = 4; lastKnownFileType = sourcecode.c.objc; path = UserModel.m; sourceTree = "<group>"; };
		334A43621B21CC3D00E6C3B3 /* libsqlite3.dylib */ = {isa = PBXFileReference; lastKnownFileType = "compiled.mach-o.dylib"; name = libsqlite3.dylib; path = usr/lib/libsqlite3.dylib; sourceTree = SDKROOT; };
		334A43641B21CCCF00E6C3B3 /* DbOperation.h */ = {isa = PBXFileReference; fileEncoding = 4; lastKnownFileType = sourcecode.c.h; path = DbOperation.h; sourceTree = "<group>"; };
		334A43651B21CCCF00E6C3B3 /* DbOperation.m */ = {isa = PBXFileReference; fileEncoding = 4; lastKnownFileType = sourcecode.c.objc; path = DbOperation.m; sourceTree = "<group>"; };
		334DA93A1B2137360027CABF /* MatchingInfoController.h */ = {isa = PBXFileReference; fileEncoding = 4; lastKnownFileType = sourcecode.c.h; path = MatchingInfoController.h; sourceTree = "<group>"; };
		334DA93B1B2137360027CABF /* MatchingInfoController.m */ = {isa = PBXFileReference; fileEncoding = 4; lastKnownFileType = sourcecode.c.objc; path = MatchingInfoController.m; sourceTree = "<group>"; };
		334DA93D1B2137920027CABF /* MatchingWaitingController.h */ = {isa = PBXFileReference; fileEncoding = 4; lastKnownFileType = sourcecode.c.h; path = MatchingWaitingController.h; sourceTree = "<group>"; };
		334DA93E1B2137920027CABF /* MatchingWaitingController.m */ = {isa = PBXFileReference; fileEncoding = 4; lastKnownFileType = sourcecode.c.objc; path = MatchingWaitingController.m; sourceTree = "<group>"; };
		334DA9401B2137A70027CABF /* MatchingWaiting2Controller.h */ = {isa = PBXFileReference; fileEncoding = 4; lastKnownFileType = sourcecode.c.h; path = MatchingWaiting2Controller.h; sourceTree = "<group>"; };
		334DA9411B2137A70027CABF /* MatchingWaiting2Controller.m */ = {isa = PBXFileReference; fileEncoding = 4; lastKnownFileType = sourcecode.c.objc; path = MatchingWaiting2Controller.m; sourceTree = "<group>"; };
		334DDB641B2334CC00FF2BCC /* ContentViewController.h */ = {isa = PBXFileReference; fileEncoding = 4; lastKnownFileType = sourcecode.c.h; path = ContentViewController.h; sourceTree = "<group>"; };
		334DDB651B2334CC00FF2BCC /* ContentViewController.m */ = {isa = PBXFileReference; fileEncoding = 4; lastKnownFileType = sourcecode.c.objc; path = ContentViewController.m; sourceTree = "<group>"; };
		334DDB661B2334CC00FF2BCC /* ContentViewController.xib */ = {isa = PBXFileReference; fileEncoding = 4; lastKnownFileType = file.xib; path = ContentViewController.xib; sourceTree = "<group>"; };
		33539DD31B1F0C5100008CAA /* Regist1ViewController.h */ = {isa = PBXFileReference; fileEncoding = 4; lastKnownFileType = sourcecode.c.h; path = Regist1ViewController.h; sourceTree = "<group>"; };
		33539DD41B1F0C5100008CAA /* Regist1ViewController.m */ = {isa = PBXFileReference; fileEncoding = 4; lastKnownFileType = sourcecode.c.objc; path = Regist1ViewController.m; sourceTree = "<group>"; };
		33539DD61B1F0CCA00008CAA /* Regist2ViewController.h */ = {isa = PBXFileReference; fileEncoding = 4; lastKnownFileType = sourcecode.c.h; path = Regist2ViewController.h; sourceTree = "<group>"; };
		33539DD71B1F0CCA00008CAA /* Regist2ViewController.m */ = {isa = PBXFileReference; fileEncoding = 4; lastKnownFileType = sourcecode.c.objc; path = Regist2ViewController.m; sourceTree = "<group>"; };
		33539E1C1B1F1C8600008CAA /* IQKeyboardManager.bundle */ = {isa = PBXFileReference; lastKnownFileType = "wrapper.plug-in"; path = IQKeyboardManager.bundle; sourceTree = "<group>"; };
		33539E1D1B1F1C8600008CAA /* IQKeyboardManager.h */ = {isa = PBXFileReference; fileEncoding = 4; lastKnownFileType = sourcecode.c.h; path = IQKeyboardManager.h; sourceTree = "<group>"; };
		33539E1E1B1F1C8600008CAA /* IQKeyboardManager.m */ = {isa = PBXFileReference; fileEncoding = 4; lastKnownFileType = sourcecode.c.objc; path = IQKeyboardManager.m; sourceTree = "<group>"; };
		33539E1F1B1F1C8600008CAA /* IQKeyboardManagerConstants.h */ = {isa = PBXFileReference; fileEncoding = 4; lastKnownFileType = sourcecode.c.h; path = IQKeyboardManagerConstants.h; sourceTree = "<group>"; };
		33539E201B1F1C8600008CAA /* IQKeyboardManagerConstantsInternal.h */ = {isa = PBXFileReference; fileEncoding = 4; lastKnownFileType = sourcecode.c.h; path = IQKeyboardManagerConstantsInternal.h; sourceTree = "<group>"; };
		33539E211B1F1C8600008CAA /* IQSegmentedNextPrevious.h */ = {isa = PBXFileReference; fileEncoding = 4; lastKnownFileType = sourcecode.c.h; path = IQSegmentedNextPrevious.h; sourceTree = "<group>"; };
		33539E221B1F1C8600008CAA /* IQSegmentedNextPrevious.m */ = {isa = PBXFileReference; fileEncoding = 4; lastKnownFileType = sourcecode.c.objc; path = IQSegmentedNextPrevious.m; sourceTree = "<group>"; };
		33539E231B1F1C8600008CAA /* IQTextView.h */ = {isa = PBXFileReference; fileEncoding = 4; lastKnownFileType = sourcecode.c.h; path = IQTextView.h; sourceTree = "<group>"; };
		33539E241B1F1C8600008CAA /* IQTextView.m */ = {isa = PBXFileReference; fileEncoding = 4; lastKnownFileType = sourcecode.c.objc; path = IQTextView.m; sourceTree = "<group>"; };
		33539E251B1F1C8600008CAA /* IQTitleBarButtonItem.h */ = {isa = PBXFileReference; fileEncoding = 4; lastKnownFileType = sourcecode.c.h; path = IQTitleBarButtonItem.h; sourceTree = "<group>"; };
		33539E261B1F1C8600008CAA /* IQTitleBarButtonItem.m */ = {isa = PBXFileReference; fileEncoding = 4; lastKnownFileType = sourcecode.c.objc; path = IQTitleBarButtonItem.m; sourceTree = "<group>"; };
		33539E271B1F1C8600008CAA /* IQToolbar.h */ = {isa = PBXFileReference; fileEncoding = 4; lastKnownFileType = sourcecode.c.h; path = IQToolbar.h; sourceTree = "<group>"; };
		33539E281B1F1C8600008CAA /* IQToolbar.m */ = {isa = PBXFileReference; fileEncoding = 4; lastKnownFileType = sourcecode.c.objc; path = IQToolbar.m; sourceTree = "<group>"; };
		33539E291B1F1C8600008CAA /* KeyboardManager.h */ = {isa = PBXFileReference; fileEncoding = 4; lastKnownFileType = sourcecode.c.h; path = KeyboardManager.h; sourceTree = "<group>"; };
		33539E2A1B1F1C8600008CAA /* NSArray+Sort.h */ = {isa = PBXFileReference; fileEncoding = 4; lastKnownFileType = sourcecode.c.h; path = "NSArray+Sort.h"; sourceTree = "<group>"; };
		33539E2B1B1F1C8600008CAA /* NSArray+Sort.m */ = {isa = PBXFileReference; fileEncoding = 4; lastKnownFileType = sourcecode.c.objc; path = "NSArray+Sort.m"; sourceTree = "<group>"; };
		33539E2C1B1F1C8600008CAA /* UIView+Hierarchy.h */ = {isa = PBXFileReference; fileEncoding = 4; lastKnownFileType = sourcecode.c.h; path = "UIView+Hierarchy.h"; sourceTree = "<group>"; };
		33539E2D1B1F1C8600008CAA /* UIView+Hierarchy.m */ = {isa = PBXFileReference; fileEncoding = 4; lastKnownFileType = sourcecode.c.objc; path = "UIView+Hierarchy.m"; sourceTree = "<group>"; };
		33539E2E1B1F1C8600008CAA /* UIView+IQKeyboardToolbar.h */ = {isa = PBXFileReference; fileEncoding = 4; lastKnownFileType = sourcecode.c.h; path = "UIView+IQKeyboardToolbar.h"; sourceTree = "<group>"; };
		33539E2F1B1F1C8600008CAA /* UIView+IQKeyboardToolbar.m */ = {isa = PBXFileReference; fileEncoding = 4; lastKnownFileType = sourcecode.c.objc; path = "UIView+IQKeyboardToolbar.m"; sourceTree = "<group>"; };
		33539E301B1F1C8600008CAA /* UIWindow+Hierarchy.h */ = {isa = PBXFileReference; fileEncoding = 4; lastKnownFileType = sourcecode.c.h; path = "UIWindow+Hierarchy.h"; sourceTree = "<group>"; };
		33539E311B1F1C8600008CAA /* UIWindow+Hierarchy.m */ = {isa = PBXFileReference; fileEncoding = 4; lastKnownFileType = sourcecode.c.objc; path = "UIWindow+Hierarchy.m"; sourceTree = "<group>"; };
		336017341B22E955007D58EC /* ContentView.h */ = {isa = PBXFileReference; fileEncoding = 4; lastKnownFileType = sourcecode.c.h; path = ContentView.h; sourceTree = "<group>"; };
		336017351B22E955007D58EC /* ContentView.m */ = {isa = PBXFileReference; fileEncoding = 4; lastKnownFileType = sourcecode.c.objc; path = ContentView.m; sourceTree = "<group>"; };
		336017371B22E96C007D58EC /* ContentView.xib */ = {isa = PBXFileReference; fileEncoding = 4; lastKnownFileType = file.xib; path = ContentView.xib; sourceTree = "<group>"; };
		336746AE1B1DC2D300C90769 /* LoginViewController.h */ = {isa = PBXFileReference; fileEncoding = 4; lastKnownFileType = sourcecode.c.h; path = LoginViewController.h; sourceTree = "<group>"; };
		336746AF1B1DC2D300C90769 /* LoginViewController.m */ = {isa = PBXFileReference; fileEncoding = 4; lastKnownFileType = sourcecode.c.objc; path = LoginViewController.m; sourceTree = "<group>"; };
		339191741B21968F00B21C1D /* BZGFormField.h */ = {isa = PBXFileReference; fileEncoding = 4; lastKnownFileType = sourcecode.c.h; path = BZGFormField.h; sourceTree = "<group>"; };
		339191751B21968F00B21C1D /* BZGFormField.m */ = {isa = PBXFileReference; fileEncoding = 4; lastKnownFileType = sourcecode.c.objc; path = BZGFormField.m; sourceTree = "<group>"; };
		33AE4C041B1EB1A200154831 /* OAuthViewController.h */ = {isa = PBXFileReference; fileEncoding = 4; lastKnownFileType = sourcecode.c.h; path = OAuthViewController.h; sourceTree = "<group>"; };
		33AE4C051B1EB1A200154831 /* OAuthViewController.m */ = {isa = PBXFileReference; fileEncoding = 4; lastKnownFileType = sourcecode.c.objc; path = OAuthViewController.m; sourceTree = "<group>"; };
		33C6CA2C1B22F19400D848F9 /* FDAlertView.h */ = {isa = PBXFileReference; fileEncoding = 4; lastKnownFileType = sourcecode.c.h; path = FDAlertView.h; sourceTree = "<group>"; };
		33C6CA2D1B22F19400D848F9 /* FDAlertView.m */ = {isa = PBXFileReference; fileEncoding = 4; lastKnownFileType = sourcecode.c.objc; path = FDAlertView.m; sourceTree = "<group>"; };
		33E953D01B1DA3F700763B92 /* LoversOnline.app */ = {isa = PBXFileReference; explicitFileType = wrapper.application; includeInIndex = 0; path = LoversOnline.app; sourceTree = BUILT_PRODUCTS_DIR; };
		33E953D41B1DA3F700763B92 /* Info.plist */ = {isa = PBXFileReference; lastKnownFileType = text.plist.xml; path = Info.plist; sourceTree = "<group>"; };
		33E953D51B1DA3F700763B92 /* main.m */ = {isa = PBXFileReference; lastKnownFileType = sourcecode.c.objc; path = main.m; sourceTree = "<group>"; };
		33E953D71B1DA3F700763B92 /* AppDelegate.h */ = {isa = PBXFileReference; lastKnownFileType = sourcecode.c.h; name = AppDelegate.h; path = ../AppDelegate.h; sourceTree = "<group>"; };
		33E953D81B1DA3F700763B92 /* AppDelegate.m */ = {isa = PBXFileReference; lastKnownFileType = sourcecode.c.objc; name = AppDelegate.m; path = ../AppDelegate.m; sourceTree = "<group>"; };
		33E953DA1B1DA3F700763B92 /* ViewController.h */ = {isa = PBXFileReference; lastKnownFileType = sourcecode.c.h; name = ViewController.h; path = LoversOnline/ViewController.h; sourceTree = SOURCE_ROOT; };
		33E953DB1B1DA3F700763B92 /* ViewController.m */ = {isa = PBXFileReference; lastKnownFileType = sourcecode.c.objc; name = ViewController.m; path = LoversOnline/ViewController.m; sourceTree = SOURCE_ROOT; };
		33E953DE1B1DA3F700763B92 /* Base */ = {isa = PBXFileReference; lastKnownFileType = file.storyboard; name = Base; path = Base.lproj/Main.storyboard; sourceTree = "<group>"; };
		33E953E01B1DA3F700763B92 /* Images.xcassets */ = {isa = PBXFileReference; lastKnownFileType = folder.assetcatalog; name = Images.xcassets; path = ../Images.xcassets; sourceTree = "<group>"; };
		33E953E31B1DA3F700763B92 /* Base */ = {isa = PBXFileReference; lastKnownFileType = file.xib; name = Base; path = Base.lproj/LaunchScreen.xib; sourceTree = "<group>"; };
		33E953E91B1DA3F700763B92 /* LoversOnlineTests.xctest */ = {isa = PBXFileReference; explicitFileType = wrapper.cfbundle; includeInIndex = 0; path = LoversOnlineTests.xctest; sourceTree = BUILT_PRODUCTS_DIR; };
		33E953EE1B1DA3F700763B92 /* Info.plist */ = {isa = PBXFileReference; lastKnownFileType = text.plist.xml; path = Info.plist; sourceTree = "<group>"; };
		33E953EF1B1DA3F700763B92 /* LoversOnlineTests.m */ = {isa = PBXFileReference; lastKnownFileType = sourcecode.c.objc; path = LoversOnlineTests.m; sourceTree = "<group>"; };
		33E953FC1B1DA58300763B92 /* MyPageControl.h */ = {isa = PBXFileReference; fileEncoding = 4; lastKnownFileType = sourcecode.c.h; path = MyPageControl.h; sourceTree = "<group>"; };
		33E953FD1B1DA58300763B92 /* MyPageControl.m */ = {isa = PBXFileReference; fileEncoding = 4; lastKnownFileType = sourcecode.c.objc; path = MyPageControl.m; sourceTree = "<group>"; };
		33E953FF1B1DA99300763B92 /* NewFeatureViewController.h */ = {isa = PBXFileReference; fileEncoding = 4; lastKnownFileType = sourcecode.c.h; path = NewFeatureViewController.h; sourceTree = "<group>"; };
		33E954001B1DA99300763B92 /* NewFeatureViewController.m */ = {isa = PBXFileReference; fileEncoding = 4; lastKnownFileType = sourcecode.c.objc; path = NewFeatureViewController.m; sourceTree = "<group>"; };
/* End PBXFileReference section */

/* Begin PBXFrameworksBuildPhase section */
		33E953CD1B1DA3F700763B92 /* Frameworks */ = {
			isa = PBXFrameworksBuildPhase;
			buildActionMask = 2147483647;
			files = (
				334A43631B21CC3D00E6C3B3 /* libsqlite3.dylib in Frameworks */,
			);
			runOnlyForDeploymentPostprocessing = 0;
		};
		33E953E61B1DA3F700763B92 /* Frameworks */ = {
			isa = PBXFrameworksBuildPhase;
			buildActionMask = 2147483647;
			files = (
			);
			runOnlyForDeploymentPostprocessing = 0;
		};
/* End PBXFrameworksBuildPhase section */

/* Begin PBXGroup section */
		33495F461B1DDB7700646C4A /* Common */ = {
			isa = PBXGroup;
			children = (
				339191741B21968F00B21C1D /* BZGFormField.h */,
				339191751B21968F00B21C1D /* BZGFormField.m */,
				33495F471B1DDBC200646C4A /* MyImage.h */,
				33495F481B1DDBC200646C4A /* MyImage.m */,
				336017341B22E955007D58EC /* ContentView.h */,
				336017351B22E955007D58EC /* ContentView.m */,
				336017371B22E96C007D58EC /* ContentView.xib */,
				334DDB641B2334CC00FF2BCC /* ContentViewController.h */,
				334DDB651B2334CC00FF2BCC /* ContentViewController.m */,
				334DDB661B2334CC00FF2BCC /* ContentViewController.xib */,
			);
			name = Common;
			path = ../Common;
			sourceTree = "<group>";
		};
		334A43551B21C1B900E6C3B3 /* Database */ = {
			isa = PBXGroup;
			children = (
				334A43641B21CCCF00E6C3B3 /* DbOperation.h */,
				334A43651B21CCCF00E6C3B3 /* DbOperation.m */,
			);
			path = Database;
			sourceTree = "<group>";
		};
		334A43561B21C1ED00E6C3B3 /* View */ = {
			isa = PBXGroup;
			children = (
				33E953D71B1DA3F700763B92 /* AppDelegate.h */,
				33E953D81B1DA3F700763B92 /* AppDelegate.m */,
				33E953DA1B1DA3F700763B92 /* ViewController.h */,
				33E953DB1B1DA3F700763B92 /* ViewController.m */,
				33E953DD1B1DA3F700763B92 /* Main.storyboard */,
				33E953E01B1DA3F700763B92 /* Images.xcassets */,
				33E953E21B1DA3F700763B92 /* LaunchScreen.xib */,
			);
			path = View;
			sourceTree = "<group>";
		};
		334A43571B21C23000E6C3B3 /* Controller */ = {
			isa = PBXGroup;
			children = (
				33495F461B1DDB7700646C4A /* Common */,
				33E954341B1DAF4C00763B92 /* Main */,
				33E953F91B1DA40100763B92 /* Newfeature */,
			);
			path = Controller;
			sourceTree = "<group>";
		};
		334A43581B21C29800E6C3B3 /* Model */ = {
			isa = PBXGroup;
			children = (
				334A435C1B21C33F00E6C3B3 /* UserModel.h */,
				334A435D1B21C33F00E6C3B3 /* UserModel.m */,
			);
			path = Model;
			sourceTree = "<group>";
		};
		33539DD91B1F12AC00008CAA /* Lib */ = {
			isa = PBXGroup;
			children = (
				33C6CA2B1B22F19400D848F9 /* FDAlertView */,
				33539E1B1B1F1C8600008CAA /* IQKeyBoardManager */,
			);
			path = Lib;
			sourceTree = "<group>";
		};
		33539E1B1B1F1C8600008CAA /* IQKeyBoardManager */ = {
			isa = PBXGroup;
			children = (
				33539E1C1B1F1C8600008CAA /* IQKeyboardManager.bundle */,
				33539E1D1B1F1C8600008CAA /* IQKeyboardManager.h */,
				33539E1E1B1F1C8600008CAA /* IQKeyboardManager.m */,
				33539E1F1B1F1C8600008CAA /* IQKeyboardManagerConstants.h */,
				33539E201B1F1C8600008CAA /* IQKeyboardManagerConstantsInternal.h */,
				33539E211B1F1C8600008CAA /* IQSegmentedNextPrevious.h */,
				33539E221B1F1C8600008CAA /* IQSegmentedNextPrevious.m */,
				33539E231B1F1C8600008CAA /* IQTextView.h */,
				33539E241B1F1C8600008CAA /* IQTextView.m */,
				33539E251B1F1C8600008CAA /* IQTitleBarButtonItem.h */,
				33539E261B1F1C8600008CAA /* IQTitleBarButtonItem.m */,
				33539E271B1F1C8600008CAA /* IQToolbar.h */,
				33539E281B1F1C8600008CAA /* IQToolbar.m */,
				33539E291B1F1C8600008CAA /* KeyboardManager.h */,
				33539E2A1B1F1C8600008CAA /* NSArray+Sort.h */,
				33539E2B1B1F1C8600008CAA /* NSArray+Sort.m */,
				33539E2C1B1F1C8600008CAA /* UIView+Hierarchy.h */,
				33539E2D1B1F1C8600008CAA /* UIView+Hierarchy.m */,
				33539E2E1B1F1C8600008CAA /* UIView+IQKeyboardToolbar.h */,
				33539E2F1B1F1C8600008CAA /* UIView+IQKeyboardToolbar.m */,
				33539E301B1F1C8600008CAA /* UIWindow+Hierarchy.h */,
				33539E311B1F1C8600008CAA /* UIWindow+Hierarchy.m */,
			);
			path = IQKeyBoardManager;
			sourceTree = "<group>";
		};
		33C6CA2B1B22F19400D848F9 /* FDAlertView */ = {
			isa = PBXGroup;
			children = (
				33C6CA2C1B22F19400D848F9 /* FDAlertView.h */,
				33C6CA2D1B22F19400D848F9 /* FDAlertView.m */,
			);
			path = FDAlertView;
			sourceTree = "<group>";
		};
		33E953C71B1DA3F700763B92 = {
			isa = PBXGroup;
			children = (
				334A43621B21CC3D00E6C3B3 /* libsqlite3.dylib */,
				33E953D21B1DA3F700763B92 /* LoversOnline */,
				33E953EC1B1DA3F700763B92 /* LoversOnlineTests */,
				33E953D11B1DA3F700763B92 /* Products */,
			);
			sourceTree = "<group>";
		};
		33E953D11B1DA3F700763B92 /* Products */ = {
			isa = PBXGroup;
			children = (
				33E953D01B1DA3F700763B92 /* LoversOnline.app */,
				33E953E91B1DA3F700763B92 /* LoversOnlineTests.xctest */,
			);
			name = Products;
			sourceTree = "<group>";
		};
		33E953D21B1DA3F700763B92 /* LoversOnline */ = {
			isa = PBXGroup;
			children = (
				334A43581B21C29800E6C3B3 /* Model */,
				334A43571B21C23000E6C3B3 /* Controller */,
				334A43561B21C1ED00E6C3B3 /* View */,
				334A43551B21C1B900E6C3B3 /* Database */,
				33539DD91B1F12AC00008CAA /* Lib */,
				33E953D31B1DA3F700763B92 /* Supporting Files */,
			);
			path = LoversOnline;
			sourceTree = "<group>";
		};
		33E953D31B1DA3F700763B92 /* Supporting Files */ = {
			isa = PBXGroup;
			children = (
				33E953D41B1DA3F700763B92 /* Info.plist */,
				33E953D51B1DA3F700763B92 /* main.m */,
			);
			name = "Supporting Files";
			sourceTree = "<group>";
		};
		33E953EC1B1DA3F700763B92 /* LoversOnlineTests */ = {
			isa = PBXGroup;
			children = (
				33E953EF1B1DA3F700763B92 /* LoversOnlineTests.m */,
				33E953ED1B1DA3F700763B92 /* Supporting Files */,
			);
			path = LoversOnlineTests;
			sourceTree = "<group>";
		};
		33E953ED1B1DA3F700763B92 /* Supporting Files */ = {
			isa = PBXGroup;
			children = (
				33E953EE1B1DA3F700763B92 /* Info.plist */,
			);
			name = "Supporting Files";
			sourceTree = "<group>";
		};
		33E953F91B1DA40100763B92 /* Newfeature */ = {
			isa = PBXGroup;
			children = (
				33E953FB1B1DA43F00763B92 /* Controller */,
			);
			name = Newfeature;
			path = ../Newfeature;
			sourceTree = "<group>";
		};
		33E953FB1B1DA43F00763B92 /* Controller */ = {
			isa = PBXGroup;
			children = (
				33E953FC1B1DA58300763B92 /* MyPageControl.h */,
				33E953FD1B1DA58300763B92 /* MyPageControl.m */,
				33E953FF1B1DA99300763B92 /* NewFeatureViewController.h */,
				33E954001B1DA99300763B92 /* NewFeatureViewController.m */,
			);
			path = Controller;
			sourceTree = "<group>";
		};
		33E954341B1DAF4C00763B92 /* Main */ = {
			isa = PBXGroup;
			children = (
				33E9543B1B1DB0E500763B92 /* RegistPage */,
				33E9543A1B1DB0D300763B92 /* LoginPage */,
				33E954391B1DB06B00763B92 /* UserSetPage */,
				33E954381B1DB02800763B92 /* TalkPage */,
				33E954371B1DAFE300763B92 /* WechatPage */,
				33E954361B1DAFB500763B92 /* SinaWeiboPage */,
				33E954351B1DAF5C00763B92 /* HomePage */,
			);
			name = Main;
			path = ../Main;
			sourceTree = "<group>";
		};
		33E954351B1DAF5C00763B92 /* HomePage */ = {
			isa = PBXGroup;
			children = (
			);
			path = HomePage;
			sourceTree = "<group>";
		};
		33E954361B1DAFB500763B92 /* SinaWeiboPage */ = {
			isa = PBXGroup;
			children = (
			);
			path = SinaWeiboPage;
			sourceTree = "<group>";
		};
		33E954371B1DAFE300763B92 /* WechatPage */ = {
			isa = PBXGroup;
			children = (
			);
			path = WechatPage;
			sourceTree = "<group>";
		};
		33E954381B1DB02800763B92 /* TalkPage */ = {
			isa = PBXGroup;
			children = (
			);
			path = TalkPage;
			sourceTree = "<group>";
		};
		33E954391B1DB06B00763B92 /* UserSetPage */ = {
			isa = PBXGroup;
			children = (
			);
			path = UserSetPage;
			sourceTree = "<group>";
		};
		33E9543A1B1DB0D300763B92 /* LoginPage */ = {
			isa = PBXGroup;
			children = (
				336746AE1B1DC2D300C90769 /* LoginViewController.h */,
				336746AF1B1DC2D300C90769 /* LoginViewController.m */,
				33AE4C041B1EB1A200154831 /* OAuthViewController.h */,
				33AE4C051B1EB1A200154831 /* OAuthViewController.m */,
			);
			path = LoginPage;
			sourceTree = "<group>";
		};
		33E9543B1B1DB0E500763B92 /* RegistPage */ = {
			isa = PBXGroup;
			children = (
				33539DD31B1F0C5100008CAA /* Regist1ViewController.h */,
				33539DD41B1F0C5100008CAA /* Regist1ViewController.m */,
				33539DD61B1F0CCA00008CAA /* Regist2ViewController.h */,
				33539DD71B1F0CCA00008CAA /* Regist2ViewController.m */,
				334DA93A1B2137360027CABF /* MatchingInfoController.h */,
				334DA93B1B2137360027CABF /* MatchingInfoController.m */,
				334DA93D1B2137920027CABF /* MatchingWaitingController.h */,
				334DA93E1B2137920027CABF /* MatchingWaitingController.m */,
				334DA9401B2137A70027CABF /* MatchingWaiting2Controller.h */,
				334DA9411B2137A70027CABF /* MatchingWaiting2Controller.m */,
			);
			path = RegistPage;
			sourceTree = "<group>";
		};
/* End PBXGroup section */

/* Begin PBXNativeTarget section */
		33E953CF1B1DA3F700763B92 /* LoversOnline */ = {
			isa = PBXNativeTarget;
			buildConfigurationList = 33E953F31B1DA3F700763B92 /* Build configuration list for PBXNativeTarget "LoversOnline" */;
			buildPhases = (
				33E953CC1B1DA3F700763B92 /* Sources */,
				33E953CD1B1DA3F700763B92 /* Frameworks */,
				33E953CE1B1DA3F700763B92 /* Resources */,
			);
			buildRules = (
			);
			dependencies = (
			);
			name = LoversOnline;
			productName = LoversOnline;
			productReference = 33E953D01B1DA3F700763B92 /* LoversOnline.app */;
			productType = "com.apple.product-type.application";
		};
		33E953E81B1DA3F700763B92 /* LoversOnlineTests */ = {
			isa = PBXNativeTarget;
			buildConfigurationList = 33E953F61B1DA3F700763B92 /* Build configuration list for PBXNativeTarget "LoversOnlineTests" */;
			buildPhases = (
				33E953E51B1DA3F700763B92 /* Sources */,
				33E953E61B1DA3F700763B92 /* Frameworks */,
				33E953E71B1DA3F700763B92 /* Resources */,
			);
			buildRules = (
			);
			dependencies = (
				33E953EB1B1DA3F700763B92 /* PBXTargetDependency */,
			);
			name = LoversOnlineTests;
			productName = LoversOnlineTests;
			productReference = 33E953E91B1DA3F700763B92 /* LoversOnlineTests.xctest */;
			productType = "com.apple.product-type.bundle.unit-test";
		};
/* End PBXNativeTarget section */

/* Begin PBXProject section */
		33E953C81B1DA3F700763B92 /* Project object */ = {
			isa = PBXProject;
			attributes = {
				LastUpgradeCheck = 0630;
				ORGANIZATIONNAME = winainfo;
				TargetAttributes = {
					33E953CF1B1DA3F700763B92 = {
						CreatedOnToolsVersion = 6.3.2;
					};
					33E953E81B1DA3F700763B92 = {
						CreatedOnToolsVersion = 6.3.2;
						TestTargetID = 33E953CF1B1DA3F700763B92;
					};
				};
			};
			buildConfigurationList = 33E953CB1B1DA3F700763B92 /* Build configuration list for PBXProject "LoversOnline" */;
			compatibilityVersion = "Xcode 3.2";
			developmentRegion = English;
			hasScannedForEncodings = 0;
			knownRegions = (
				en,
				Base,
			);
			mainGroup = 33E953C71B1DA3F700763B92;
			productRefGroup = 33E953D11B1DA3F700763B92 /* Products */;
			projectDirPath = "";
			projectRoot = "";
			targets = (
				33E953CF1B1DA3F700763B92 /* LoversOnline */,
				33E953E81B1DA3F700763B92 /* LoversOnlineTests */,
			);
		};
/* End PBXProject section */

/* Begin PBXResourcesBuildPhase section */
		33E953CE1B1DA3F700763B92 /* Resources */ = {
			isa = PBXResourcesBuildPhase;
			buildActionMask = 2147483647;
			files = (
				33E953DF1B1DA3F700763B92 /* Main.storyboard in Resources */,
				33539E321B1F1C8600008CAA /* IQKeyboardManager.bundle in Resources */,
				334DDB681B2334CC00FF2BCC /* ContentViewController.xib in Resources */,
				33E953E41B1DA3F700763B92 /* LaunchScreen.xib in Resources */,
				336017381B22E96C007D58EC /* ContentView.xib in Resources */,
				33E953E11B1DA3F700763B92 /* Images.xcassets in Resources */,
			);
			runOnlyForDeploymentPostprocessing = 0;
		};
		33E953E71B1DA3F700763B92 /* Resources */ = {
			isa = PBXResourcesBuildPhase;
			buildActionMask = 2147483647;
			files = (
			);
			runOnlyForDeploymentPostprocessing = 0;
		};
/* End PBXResourcesBuildPhase section */

/* Begin PBXSourcesBuildPhase section */
		33E953CC1B1DA3F700763B92 /* Sources */ = {
			isa = PBXSourcesBuildPhase;
			buildActionMask = 2147483647;
			files = (
				33539E331B1F1C8600008CAA /* IQKeyboardManager.m in Sources */,
				334A43661B21CCCF00E6C3B3 /* DbOperation.m in Sources */,
				336017361B22E955007D58EC /* ContentView.m in Sources */,
				33C6CA2E1B22F19400D848F9 /* FDAlertView.m in Sources */,
				334A435E1B21C33F00E6C3B3 /* UserModel.m in Sources */,
				33E954011B1DA99300763B92 /* NewFeatureViewController.m in Sources */,
				33E953DC1B1DA3F700763B92 /* ViewController.m in Sources */,
				339191761B21968F00B21C1D /* BZGFormField.m in Sources */,
				334DDB671B2334CC00FF2BCC /* ContentViewController.m in Sources */,
				334DA93F1B2137920027CABF /* MatchingWaitingController.m in Sources */,
				33539E371B1F1C8600008CAA /* IQToolbar.m in Sources */,
				336746B11B1DC2D300C90769 /* LoginViewController.m in Sources */,
				33539E3A1B1F1C8600008CAA /* UIView+IQKeyboardToolbar.m in Sources */,
				33AE4C061B1EB1A200154831 /* OAuthViewController.m in Sources */,
				33539E3B1B1F1C8600008CAA /* UIWindow+Hierarchy.m in Sources */,
				33E953D91B1DA3F700763B92 /* AppDelegate.m in Sources */,
				33E953FE1B1DA58300763B92 /* MyPageControl.m in Sources */,
				33539DD51B1F0C5100008CAA /* Regist1ViewController.m in Sources */,
				33539E341B1F1C8600008CAA /* IQSegmentedNextPrevious.m in Sources */,
				33539E391B1F1C8600008CAA /* UIView+Hierarchy.m in Sources */,
				33539DD81B1F0CCA00008CAA /* Regist2ViewController.m in Sources */,
				33539E361B1F1C8600008CAA /* IQTitleBarButtonItem.m in Sources */,
				33539E381B1F1C8600008CAA /* NSArray+Sort.m in Sources */,
				33495F491B1DDBC200646C4A /* MyImage.m in Sources */,
				33E953D61B1DA3F700763B92 /* main.m in Sources */,
				334DA93C1B2137360027CABF /* MatchingInfoController.m in Sources */,
				33539E351B1F1C8600008CAA /* IQTextView.m in Sources */,
				334DA9421B2137A70027CABF /* MatchingWaiting2Controller.m in Sources */,
			);
			runOnlyForDeploymentPostprocessing = 0;
		};
		33E953E51B1DA3F700763B92 /* Sources */ = {
			isa = PBXSourcesBuildPhase;
			buildActionMask = 2147483647;
			files = (
				33E953F01B1DA3F700763B92 /* LoversOnlineTests.m in Sources */,
			);
			runOnlyForDeploymentPostprocessing = 0;
		};
/* End PBXSourcesBuildPhase section */

/* Begin PBXTargetDependency section */
		33E953EB1B1DA3F700763B92 /* PBXTargetDependency */ = {
			isa = PBXTargetDependency;
			target = 33E953CF1B1DA3F700763B92 /* LoversOnline */;
			targetProxy = 33E953EA1B1DA3F700763B92 /* PBXContainerItemProxy */;
		};
/* End PBXTargetDependency section */

/* Begin PBXVariantGroup section */
		33E953DD1B1DA3F700763B92 /* Main.storyboard */ = {
			isa = PBXVariantGroup;
			children = (
				33E953DE1B1DA3F700763B92 /* Base */,
			);
			name = Main.storyboard;
			path = ..;
			sourceTree = "<group>";
		};
		33E953E21B1DA3F700763B92 /* LaunchScreen.xib */ = {
			isa = PBXVariantGroup;
			children = (
				33E953E31B1DA3F700763B92 /* Base */,
			);
			name = LaunchScreen.xib;
			path = ..;
			sourceTree = "<group>";
		};
/* End PBXVariantGroup section */

/* Begin XCBuildConfiguration section */
		33E953F11B1DA3F700763B92 /* Debug */ = {
			isa = XCBuildConfiguration;
			buildSettings = {
				ALWAYS_SEARCH_USER_PATHS = NO;
				CLANG_CXX_LANGUAGE_STANDARD = "gnu++0x";
				CLANG_CXX_LIBRARY = "libc++";
				CLANG_ENABLE_MODULES = YES;
				CLANG_ENABLE_OBJC_ARC = YES;
				CLANG_WARN_BOOL_CONVERSION = YES;
				CLANG_WARN_CONSTANT_CONVERSION = YES;
				CLANG_WARN_DIRECT_OBJC_ISA_USAGE = YES_ERROR;
				CLANG_WARN_EMPTY_BODY = YES;
				CLANG_WARN_ENUM_CONVERSION = YES;
				CLANG_WARN_INT_CONVERSION = YES;
				CLANG_WARN_OBJC_ROOT_CLASS = YES_ERROR;
				CLANG_WARN_UNREACHABLE_CODE = YES;
				CLANG_WARN__DUPLICATE_METHOD_MATCH = YES;
				"CODE_SIGN_IDENTITY[sdk=iphoneos*]" = "iPhone Developer";
				COPY_PHASE_STRIP = NO;
				DEBUG_INFORMATION_FORMAT = "dwarf-with-dsym";
				ENABLE_STRICT_OBJC_MSGSEND = YES;
				GCC_C_LANGUAGE_STANDARD = gnu99;
				GCC_DYNAMIC_NO_PIC = NO;
				GCC_NO_COMMON_BLOCKS = YES;
				GCC_OPTIMIZATION_LEVEL = 0;
				GCC_PREPROCESSOR_DEFINITIONS = (
					"DEBUG=1",
					"$(inherited)",
				);
				GCC_SYMBOLS_PRIVATE_EXTERN = NO;
				GCC_WARN_64_TO_32_BIT_CONVERSION = YES;
				GCC_WARN_ABOUT_RETURN_TYPE = YES_ERROR;
				GCC_WARN_UNDECLARED_SELECTOR = YES;
				GCC_WARN_UNINITIALIZED_AUTOS = YES_AGGRESSIVE;
				GCC_WARN_UNUSED_FUNCTION = YES;
				GCC_WARN_UNUSED_VARIABLE = YES;
				IPHONEOS_DEPLOYMENT_TARGET = 8.3;
				MTL_ENABLE_DEBUG_INFO = YES;
				ONLY_ACTIVE_ARCH = YES;
				SDKROOT = iphoneos;
			};
			name = Debug;
		};
		33E953F21B1DA3F700763B92 /* Release */ = {
			isa = XCBuildConfiguration;
			buildSettings = {
				ALWAYS_SEARCH_USER_PATHS = NO;
				CLANG_CXX_LANGUAGE_STANDARD = "gnu++0x";
				CLANG_CXX_LIBRARY = "libc++";
				CLANG_ENABLE_MODULES = YES;
				CLANG_ENABLE_OBJC_ARC = YES;
				CLANG_WARN_BOOL_CONVERSION = YES;
				CLANG_WARN_CONSTANT_CONVERSION = YES;
				CLANG_WARN_DIRECT_OBJC_ISA_USAGE = YES_ERROR;
				CLANG_WARN_EMPTY_BODY = YES;
				CLANG_WARN_ENUM_CONVERSION = YES;
				CLANG_WARN_INT_CONVERSION = YES;
				CLANG_WARN_OBJC_ROOT_CLASS = YES_ERROR;
				CLANG_WARN_UNREACHABLE_CODE = YES;
				CLANG_WARN__DUPLICATE_METHOD_MATCH = YES;
				"CODE_SIGN_IDENTITY[sdk=iphoneos*]" = "iPhone Developer";
				COPY_PHASE_STRIP = NO;
				DEBUG_INFORMATION_FORMAT = "dwarf-with-dsym";
				ENABLE_NS_ASSERTIONS = NO;
				ENABLE_STRICT_OBJC_MSGSEND = YES;
				GCC_C_LANGUAGE_STANDARD = gnu99;
				GCC_NO_COMMON_BLOCKS = YES;
				GCC_WARN_64_TO_32_BIT_CONVERSION = YES;
				GCC_WARN_ABOUT_RETURN_TYPE = YES_ERROR;
				GCC_WARN_UNDECLARED_SELECTOR = YES;
				GCC_WARN_UNINITIALIZED_AUTOS = YES_AGGRESSIVE;
				GCC_WARN_UNUSED_FUNCTION = YES;
				GCC_WARN_UNUSED_VARIABLE = YES;
				IPHONEOS_DEPLOYMENT_TARGET = 8.3;
				MTL_ENABLE_DEBUG_INFO = NO;
				SDKROOT = iphoneos;
				VALIDATE_PRODUCT = YES;
			};
			name = Release;
		};
		33E953F41B1DA3F700763B92 /* Debug */ = {
			isa = XCBuildConfiguration;
			buildSettings = {
				ASSETCATALOG_COMPILER_APPICON_NAME = AppIcon;
				CODE_SIGN_IDENTITY = "iPhone Developer: cui peng (W45JS93YPK)";
				INFOPLIST_FILE = LoversOnline/Info.plist;
				IPHONEOS_DEPLOYMENT_TARGET = 8.3;
				LD_RUNPATH_SEARCH_PATHS = "$(inherited) @executable_path/Frameworks";
				PRODUCT_NAME = "$(TARGET_NAME)";
				PROVISIONING_PROFILE = "73dc033e-13f7-4403-9d8e-e8860c28fc14";
			};
			name = Debug;
		};
		33E953F51B1DA3F700763B92 /* Release */ = {
			isa = XCBuildConfiguration;
			buildSettings = {
				ASSETCATALOG_COMPILER_APPICON_NAME = AppIcon;
				CODE_SIGN_IDENTITY = "iPhone Developer: cui peng (W45JS93YPK)";
				INFOPLIST_FILE = LoversOnline/Info.plist;
				IPHONEOS_DEPLOYMENT_TARGET = 8.3;
				LD_RUNPATH_SEARCH_PATHS = "$(inherited) @executable_path/Frameworks";
				PRODUCT_NAME = "$(TARGET_NAME)";
				PROVISIONING_PROFILE = "73dc033e-13f7-4403-9d8e-e8860c28fc14";
			};
			name = Release;
		};
		33E953F71B1DA3F700763B92 /* Debug */ = {
			isa = XCBuildConfiguration;
			buildSettings = {
				BUNDLE_LOADER = "$(TEST_HOST)";
				FRAMEWORK_SEARCH_PATHS = (
					"$(SDKROOT)/Developer/Library/Frameworks",
					"$(inherited)",
				);
				GCC_PREPROCESSOR_DEFINITIONS = (
					"DEBUG=1",
					"$(inherited)",
				);
				INFOPLIST_FILE = LoversOnlineTests/Info.plist;
				LD_RUNPATH_SEARCH_PATHS = "$(inherited) @executable_path/Frameworks @loader_path/Frameworks";
				PRODUCT_NAME = "$(TARGET_NAME)";
				TEST_HOST = "$(BUILT_PRODUCTS_DIR)/LoversOnline.app/LoversOnline";
			};
			name = Debug;
		};
		33E953F81B1DA3F700763B92 /* Release */ = {
			isa = XCBuildConfiguration;
			buildSettings = {
				BUNDLE_LOADER = "$(TEST_HOST)";
				FRAMEWORK_SEARCH_PATHS = (
					"$(SDKROOT)/Developer/Library/Frameworks",
					"$(inherited)",
				);
				INFOPLIST_FILE = LoversOnlineTests/Info.plist;
				LD_RUNPATH_SEARCH_PATHS = "$(inherited) @executable_path/Frameworks @loader_path/Frameworks";
				PRODUCT_NAME = "$(TARGET_NAME)";
				TEST_HOST = "$(BUILT_PRODUCTS_DIR)/LoversOnline.app/LoversOnline";
			};
			name = Release;
		};
/* End XCBuildConfiguration section */

/* Begin XCConfigurationList section */
		33E953CB1B1DA3F700763B92 /* Build configuration list for PBXProject "LoversOnline" */ = {
			isa = XCConfigurationList;
			buildConfigurations = (
				33E953F11B1DA3F700763B92 /* Debug */,
				33E953F21B1DA3F700763B92 /* Release */,
			);
			defaultConfigurationIsVisible = 0;
			defaultConfigurationName = Release;
		};
		33E953F31B1DA3F700763B92 /* Build configuration list for PBXNativeTarget "LoversOnline" */ = {
			isa = XCConfigurationList;
			buildConfigurations = (
				33E953F41B1DA3F700763B92 /* Debug */,
				33E953F51B1DA3F700763B92 /* Release */,
			);
			defaultConfigurationIsVisible = 0;
			defaultConfigurationName = Release;
		};
		33E953F61B1DA3F700763B92 /* Build configuration list for PBXNativeTarget "LoversOnlineTests" */ = {
			isa = XCConfigurationList;
			buildConfigurations = (
				33E953F71B1DA3F700763B92 /* Debug */,
				33E953F81B1DA3F700763B92 /* Release */,
			);
			defaultConfigurationIsVisible = 0;
			defaultConfigurationName = Release;
		};
/* End XCConfigurationList section */
	};
	rootObject = 33E953C81B1DA3F700763B92 /* Project object */;
}
